{
  "version": 1,
  "dependencies": {
    ".NETCoreApp,Version=v2.2": {
      "Google.Protobuf": {
        "type": "Direct",
        "requested": "[3.10.1, )",
        "resolved": "3.10.1",
        "contentHash": "SAmoXQYigTD/SY3bItKVCccGiOjMNjn31Hug2R17QMbhQHGy5/9XncEqbEmNYK8MjEMk6RZfuTtL1HyjEAJH4g==",
        "dependencies": {
          "System.Memory": "4.5.2"
        }
      },
      "Microsoft.NETCore.App": {
        "type": "Direct",
        "requested": "[2.2.7, )",
        "resolved": "2.2.7",
        "contentHash": "Ybrn8qpFrdY74qjTdQuIjqv4QF2wIJmAvpIWC1C5kjt/VYRr3XajPo6AdRisfr8DqbVXpMqo8WDgXOVm+KduTw==",
        "dependencies": {
          "Microsoft.NETCore.DotNetHostPolicy": "2.2.7",
          "Microsoft.NETCore.Platforms": "2.2.3",
          "Microsoft.NETCore.Targets": "2.0.0",
          "NETStandard.Library": "2.0.3"
        }
      },
      "Microsoft.NETCore.Platforms": {
        "type": "Direct",
        "requested": "[3.0.0, )",
        "resolved": "3.0.0",
        "contentHash": "TsETIgVJb/AKoYfSP+iCxkuly5d3inZjTdx/ItZLk2CxY85v8083OBS3uai84kK3/baLnS5/b5XGs6zR7SuuHQ=="
      },
      "Microsoft.NETCore.Targets": {
        "type": "Direct",
        "requested": "[3.0.0, )",
        "resolved": "3.0.0",
        "contentHash": "WOwoFoWQ+/njjM0pKbnkKTBo8q3NphEOtu1zMXbqRoWsI07JSXWSycgN3cdM+NlhkXxH4TNEFtI5Pjm94N6DLw=="
      },
      "Newtonsoft.Json": {
        "type": "Direct",
        "requested": "[12.0.2, )",
        "resolved": "12.0.2",
        "contentHash": "rTK0s2EKlfHsQsH6Yx2smvcTCeyoDNgCW7FEYyV01drPlh2T243PR2DiDXqtC5N4GDm4Ma/lkxfW5a/4793vbA=="
      },
      "System.IO.Compression.ZipFile": {
        "type": "Direct",
        "requested": "[4.3.0, )",
        "resolved": "4.3.0",
        "contentHash": "gg9yM7N8I3e2Rd/AckRbPfWeN6Dre5ICEeydFVLE7BIkqXJfdil9HCtRLJuIhVq/DUVlYxyAU4i2Zf5wCyFchw==",
        "dependencies": {
          "System.Buffers": "4.3.0",
          "System.IO": "4.3.0",
          "System.IO.Compression": "4.3.0",
          "System.IO.FileSystem": "4.3.0",
          "System.IO.FileSystem.Primitives": "4.3.0",
          "System.Resources.ResourceManager": "4.3.0",
          "System.Runtime": "4.3.0",
          "System.Runtime.Extensions": "4.3.0",
          "System.Text.Encoding": "4.3.0"
        }
      },
      "System.IO.Ports": {
        "type": "Direct",
        "requested": "[4.6.0, )",
        "resolved": "4.6.0",
        "contentHash": "9mh48ySrW31fi8JZdcXSKKSrtCH/ZgRkpOMYWwmN//KtCFGIgsyjxpft2wRKlGW/YHG70SG6Xsr/TCLf53fQOA==",
        "dependencies": {
          "Microsoft.Win32.Registry": "4.6.0",
          "runtime.native.System.IO.Ports": "4.6.0"
        }
      },
      "Microsoft.NETCore.DotNetAppHost": {
        "type": "Transitive",
        "resolved": "2.2.7",
        "contentHash": "YheaD+lYfIZ2K/A3u6Svph8ejU+r9ljqFVWqeWmqVWLUDcvNgNLnCLOr/oHIUgAD3d5ojOk02tpyAbtl2Ni8Hg=="
      },
      "Microsoft.NETCore.DotNetHostPolicy": {
        "type": "Transitive",
        "resolved": "2.2.7",
        "contentHash": "hFJ5xhFijBomv9xJ8d7uGOi4nU2otX5EF2qyCYRDdFEfVlpHTC8Dgz0/QYXZnZFW5fGxzQGEzV46OmmhUO72Eg==",
        "dependencies": {
          "Microsoft.NETCore.DotNetHostResolver": "2.2.7"
        }
      },
      "Microsoft.NETCore.DotNetHostResolver": {
        "type": "Transitive",
        "resolved": "2.2.7",
        "contentHash": "OhwPnVl1kCHvGqxGS4G77nRY8Qp2M7lH+OONsYysiIZ35u9vKYh26X5Kik92q+ocn+pHMeiKLICpRp9cm0jzvw==",
        "dependencies": {
          "Microsoft.NETCore.DotNetAppHost": "2.2.7"
        }
      },
      "Microsoft.Win32.Registry": {
        "type": "Transitive",
        "resolved": "4.6.0",
        "contentHash": "Xuqo5Lf5h1eUAbT8sJwNSEgusyEcQQQcza1R8dxJ6q/1vLSU1SG/WxtgiCPAth14dz/IjBXCxWT/+6E9glX33w==",
        "dependencies": {
          "System.Security.AccessControl": "4.6.0",
          "System.Security.Principal.Windows": "4.6.0"
        }
      },
      "NETStandard.Library": {
        "type": "Transitive",
        "resolved": "2.0.3",
        "contentHash": "/A10Z6fd884s+laoJXQfE6CP4uN92asZQ26s+HAWaHpWavUKQYB/tafxyJ9LcKEv3tSxQnPodkfjskGr8brtLQ==",
        "dependencies": {
          "Microsoft.NETCore.Platforms": "1.1.0"
        }
      },
      "runtime.linux-arm.runtime.native.System.IO.Ports": {
        "type": "Transitive",
        "resolved": "4.6.0-rc2.19462.14",
        "contentHash": "iPSWmmEhl0TNIVKHEOvgYEwpXoL7+KRxINcP9ni8JmfdeYPDVzTZXK/d0/1BxlLZIqXC3uMKjFhXFSFLxVlLAg=="
      },
      "runtime.linux-arm64.runtime.native.System.IO.Ports": {
        "type": "Transitive",
        "resolved": "4.6.0-rc2.19462.14",
        "contentHash": "Ii8t2RrqsHoBwnvpN8CwQYiukabVJnBYHE6ee/Yl+jKRpkbavlnA9pktxLQARsL1YJ4AKrNT/pAdQCuxTKECBA=="
      },
      "runtime.linux-x64.runtime.native.System.IO.Ports": {
        "type": "Transitive",
        "resolved": "4.6.0-rc2.19462.14",
        "contentHash": "zc0JugELjZ3MCPzYAroQyuTiChrw8lVUQlMc0bKolAsjpWcCECaLOLd9NRms1sfI52r4ILPvKFlqJwelc88Qhw=="
      },
      "runtime.native.System": {
        "type": "Transitive",
        "resolved": "4.3.0",
        "contentHash": "c/qWt2LieNZIj1jGnVNsE2Kl23Ya2aSTBuXMD6V7k9KWr6l16Tqdwq+hJScEpWER9753NWC8h96PaVNY5Ld7Jw==",
        "dependencies": {
          "Microsoft.NETCore.Platforms": "1.1.0",
          "Microsoft.NETCore.Targets": "1.1.0"
        }
      },
      "runtime.native.System.IO.Compression": {
        "type": "Transitive",
        "resolved": "4.3.0",
        "contentHash": "b+V9JC/Ii3sR659flBeaBJww111425tgjcDS1k+hqV4sGh9FALRDBvJnDtQ895gAzpPTUOFDHdqaZ2Et7BpZMg==",
        "dependencies": {
          "Microsoft.NETCore.Platforms": "1.1.0",
          "Microsoft.NETCore.Targets": "1.1.0"
        }
      },
      "runtime.native.System.IO.Ports": {
        "type": "Transitive",
        "resolved": "4.6.0",
        "contentHash": "rbYF/0jSnO+Q6hY1/e/MGXG2MLMj7Enth1Euma85w/r1R+1u/kuEFYNc5bkqG8mpdY3EbVpGn5RTuRU0kVQ6rw==",
        "dependencies": {
          "runtime.linux-arm.runtime.native.System.IO.Ports": "4.6.0-rc2.19462.14",
          "runtime.linux-arm64.runtime.native.System.IO.Ports": "4.6.0-rc2.19462.14",
          "runtime.linux-x64.runtime.native.System.IO.Ports": "4.6.0-rc2.19462.14",
          "runtime.osx-x64.runtime.native.System.IO.Ports": "4.6.0-rc2.19462.14"
        }
      },
      "runtime.osx-x64.runtime.native.System.IO.Ports": {
        "type": "Transitive",
        "resolved": "4.6.0-rc2.19462.14",
        "contentHash": "t2+r1sZd8zeBh7omYsd1ZnwxVZ8POBR1JmvcwUXK82R+XWtf2/RMFZenJFfuy1ii507hB79JvNCFj7ZF0+WhCQ=="
      },
      "System.Buffers": {
        "type": "Transitive",
        "resolved": "4.3.0",
        "contentHash": "ratu44uTIHgeBeI0dE8DWvmXVBSo4u7ozRZZHOMmK/JPpYyo0dAfgSiHlpiObMQ5lEtEyIXA40sKRYg5J6A8uQ==",
        "dependencies": {
          "System.Diagnostics.Debug": "4.3.0",
          "System.Diagnostics.Tracing": "4.3.0",
          "System.Resources.ResourceManager": "4.3.0",
          "System.Runtime": "4.3.0",
          "System.Threading": "4.3.0"
        }
      },
      "System.Collections": {
        "type": "Transitive",
        "resolved": "4.3.0",
        "contentHash": "+DqahG4X43V0HIdW2XFGvCUZnsa1UNSqz4kyskg5uSniqbKwM/K0QgzeXvVjDC8g8GQfKldTr/RbuvD0TXpmvQ==",
        "dependencies": {
          "Microsoft.NETCore.Platforms": "1.1.0",
          "Microsoft.NETCore.Targets": "1.1.0",
          "System.Runtime": "4.3.0"
        }
      },
      "System.Diagnostics.Debug": {
        "type": "Transitive",
        "resolved": "4.3.0",
        "contentHash": "kQSeumaxNveoeSPon5De2sEgdMuvocqey5iTFmEzyD/JwZNhNeriwQ3YYBSwsaACHfslN1HAyL1mEH3OyTZ17g==",
        "dependencies": {
          "Microsoft.NETCore.Platforms": "1.1.0",
          "Microsoft.NETCore.Targets": "1.1.0",
          "System.Runtime": "4.3.0"
        }
      },
      "System.Diagnostics.Tracing": {
        "type": "Transitive",
        "resolved": "4.3.0",
        "contentHash": "yRyTvfAQb9UKILdCPY8vrTyg0H3cO9iQjfA1NRfmQkiEZqxNIZM904POKLRsdQg1XQKrM7QrpTQU3w/ZSCiSQQ==",
        "dependencies": {
          "Microsoft.NETCore.Platforms": "1.1.0",
          "Microsoft.NETCore.Targets": "1.1.0",
          "System.Runtime": "4.3.0"
        }
      },
      "System.Globalization": {
        "type": "Transitive",
        "resolved": "4.3.0",
        "contentHash": "GhmLj6G6/7ZBTnA/yfy1uVxW1A2QQl5R/sh/xyQjqa+RnLndnv3Sq5emHNqB3CfBRI1gjhEmzEPcfQtD4u/nNw==",
        "dependencies": {
          "Microsoft.NETCore.Platforms": "1.1.0",
          "Microsoft.NETCore.Targets": "1.1.0",
          "System.Runtime": "4.3.0"
        }
      },
      "System.IO": {
        "type": "Transitive",
        "resolved": "4.3.0",
        "contentHash": "+hkNOT5S6Oy/xo78dDdhCgACT9GWanmVFJZMGCt+wbc20OD6i4R0ttgWANUV2z7lF7iU4U4vJVjSHu2ZLBO7MQ==",
        "dependencies": {
          "Microsoft.NETCore.Platforms": "1.1.0",
          "Microsoft.NETCore.Targets": "1.1.0",
          "System.Runtime": "4.3.0",
          "System.Text.Encoding": "4.3.0",
          "System.Threading.Tasks": "4.3.0"
        }
      },
      "System.IO.Compression": {
        "type": "Transitive",
        "resolved": "4.3.0",
        "contentHash": "l1X7ddnxozizx+LQLI9oMJTctZ8iV9n8z+9pHRvBoIvJFrK/F8Zch+mnF5J07x3xo/TqCVRHMw6Eq60SS9Yxsw==",
        "dependencies": {
          "Microsoft.NETCore.Platforms": "1.1.0",
          "System.Buffers": "4.3.0",
          "System.Collections": "4.3.0",
          "System.Diagnostics.Debug": "4.3.0",
          "System.IO": "4.3.0",
          "System.Resources.ResourceManager": "4.3.0",
          "System.Runtime": "4.3.0",
          "System.Runtime.Extensions": "4.3.0",
          "System.Runtime.Handles": "4.3.0",
          "System.Runtime.InteropServices": "4.3.0",
          "System.Text.Encoding": "4.3.0",
          "System.Threading": "4.3.0",
          "System.Threading.Tasks": "4.3.0",
          "runtime.native.System": "4.3.0",
          "runtime.native.System.IO.Compression": "4.3.0"
        }
      },
      "System.IO.FileSystem": {
        "type": "Transitive",
        "resolved": "4.3.0",
        "contentHash": "xhk7qifxfqKfaiaRzINUcEk8zQ4mPlxCFIILTTlaDH+hZx75O8lRPzadXZexAJZzexjP1EDj1jO6ZDIM71R1Uw==",
        "dependencies": {
          "Microsoft.NETCore.Platforms": "1.1.0",
          "Microsoft.NETCore.Targets": "1.1.0",
          "System.IO": "4.3.0",
          "System.IO.FileSystem.Primitives": "4.3.0",
          "System.Runtime": "4.3.0",
          "System.Runtime.Handles": "4.3.0",
          "System.Text.Encoding": "4.3.0",
          "System.Threading.Tasks": "4.3.0"
        }
      },
      "System.IO.FileSystem.Primitives": {
        "type": "Transitive",
        "resolved": "4.3.0",
        "contentHash": "K2P1Tx9WMkedhgm/Kc9AcT1bDZ24P8junNxdSnVZpo8xsQ3JmGflQbIkwrhDIZnDCpigNQhuU1nsI3aLgvtQNw==",
        "dependencies": {
          "System.Runtime": "4.3.0"
        }
      },
      "System.Memory": {
        "type": "Transitive",
        "resolved": "4.5.2",
        "contentHash": "fvq1GNmUFwbKv+aLVYYdgu/+gc8Nu9oFujOxIjPrsf+meis9JBzTPDL6aP/eeGOz9yPj6rRLUbOjKMpsMEWpNg=="
      },
      "System.Reflection": {
        "type": "Transitive",
        "resolved": "4.3.0",
        "contentHash": "ZCqKDvQPoKOxmhTTpS7OT53ye12vTL3eMgeKxuAehuc6Y7hgTXKFeitQ4TGgirjk0NMsvXAzqQD6Fc3NNkLkZg==",
        "dependencies": {
          "Microsoft.NETCore.Platforms": "1.1.0",
          "Microsoft.NETCore.Targets": "1.1.0",
          "System.IO": "4.3.0",
          "System.Reflection.Primitives": "4.3.0",
          "System.Runtime": "4.3.0"
        }
      },
      "System.Reflection.Primitives": {
        "type": "Transitive",
        "resolved": "4.3.0",
        "contentHash": "Rfzd2eUh0Cxd0yeEwgsxqHshUASpR6Yd4S8bB0CYvxY8RjVe6kXF9k9rkDYn2pVplw1F0XutfhXgBqrlAohfHw==",
        "dependencies": {
          "Microsoft.NETCore.Platforms": "1.1.0",
          "Microsoft.NETCore.Targets": "1.1.0",
          "System.Runtime": "4.3.0"
        }
      },
      "System.Resources.ResourceManager": {
        "type": "Transitive",
        "resolved": "4.3.0",
        "contentHash": "kbHZef2iuSJwlPpKuxtIuHNQiEEyyWq5GkVHstpHtXCmEKXpJ/RTYPEOPPxS/Jrjcuf2Xxm6BShDa3UrTl+a2g==",
        "dependencies": {
          "Microsoft.NETCore.Platforms": "1.1.0",
          "Microsoft.NETCore.Targets": "1.1.0",
          "System.Globalization": "4.3.0",
          "System.Reflection": "4.3.0",
          "System.Runtime": "4.3.0"
        }
      },
      "System.Runtime": {
        "type": "Transitive",
        "resolved": "4.3.0",
        "contentHash": "paoNKfpGAB1acOexvn6uiLh/KPmi0FTrO0gROeVPzJ/aJUOtUWX26jxkqrYdKD2goht6Avn3PflitJmX5ZKrRA==",
        "dependencies": {
          "Microsoft.NETCore.Platforms": "1.1.0",
          "Microsoft.NETCore.Targets": "1.1.0"
        }
      },
      "System.Runtime.Extensions": {
        "type": "Transitive",
        "resolved": "4.3.0",
        "contentHash": "nVQOhofSHqSB0CGxb8/MzK0kTemA6kQd0Hmirv43Q1Essmcgw40mZEvpHf/Vb+iVhkeQqa+hYe5QhReP3L+jnA==",
        "dependencies": {
          "Microsoft.NETCore.Platforms": "1.1.0",
          "Microsoft.NETCore.Targets": "1.1.0",
          "System.Runtime": "4.3.0"
        }
      },
      "System.Runtime.Handles": {
        "type": "Transitive",
        "resolved": "4.3.0",
        "contentHash": "yCIZrKMnUM4qiBuy3e9aB9ooHE+ZoLMQUask7vngkO6kxc/Z7Vw8hSTOkksahDmsuudemnpapsy7dvgWMlCeVA==",
        "dependencies": {
          "Microsoft.NETCore.Platforms": "1.1.0",
          "Microsoft.NETCore.Targets": "1.1.0",
          "System.Runtime": "4.3.0"
        }
      },
      "System.Runtime.InteropServices": {
        "type": "Transitive",
        "resolved": "4.3.0",
        "contentHash": "a0zEMwh7iqTSbAP6x/hxKB1yMtvwT3ipaf0SSDJ9mhGPmAhi21GF/ea3KHFD4FwM5jMxvsYH8b8WhMMlWDwTkA==",
        "dependencies": {
          "Microsoft.NETCore.Platforms": "1.1.0",
          "Microsoft.NETCore.Targets": "1.1.0",
          "System.Reflection": "4.3.0",
          "System.Reflection.Primitives": "4.3.0",
          "System.Runtime": "4.3.0",
          "System.Runtime.Handles": "4.3.0"
        }
      },
      "System.Security.AccessControl": {
        "type": "Transitive",
        "resolved": "4.6.0",
        "contentHash": "gmlk6khICtVhiUnVBBtlsH0H/5QFDqhTZgtpp3AX14wWE6OIE+BX95NLD+X4AolXnIy/oXpNNmXYnsNfW1KuDQ==",
        "dependencies": {
          "Microsoft.NETCore.Platforms": "3.0.0",
          "System.Security.Principal.Windows": "4.6.0"
        }
      },
      "System.Security.Principal.Windows": {
        "type": "Transitive",
        "resolved": "4.6.0",
        "contentHash": "Mdukseovp0YIGaz16FMH6nbfgZkrCFOJbtXQptv0aeBO9h775Ilb9+TDwLVTKikoW7y7CY7lpoXl9zmZ5G3ndA==",
        "dependencies": {
          "Microsoft.NETCore.Platforms": "3.0.0"
        }
      },
      "System.Text.Encoding": {
        "type": "Transitive",
        "resolved": "4.3.0",
        "contentHash": "bqGyjGSQhWNf7wdPhzIDfaTXtBa1S/4pe8Kx7Q9exeD05vQ9Me4WRyrQ5EKhnkTn4SH057Vhgal2xRywgGjCpw==",
        "dependencies": {
          "Microsoft.NETCore.Platforms": "1.1.0",
          "Microsoft.NETCore.Targets": "1.1.0",
          "System.Runtime": "4.3.0"
        }
      },
      "System.Threading": {
        "type": "Transitive",
        "resolved": "4.3.0",
        "contentHash": "22P/GMe07FNvkP6oRAeyCq6agbTyYjUxWmoh6UvTq66TLB9zcam+8DT1NyvbBTcTs3uW8fMw/7T+Hg5gzVQBOg==",
        "dependencies": {
          "System.Runtime": "4.3.0",
          "System.Threading.Tasks": "4.3.0"
        }
      },
      "System.Threading.Tasks": {
        "type": "Transitive",
        "resolved": "4.3.0",
        "contentHash": "Ec5CI5XH1FYPF7Oxs4Gg742y6jHYgw8l25H7xdLVxAhF4wSFyOw18e4YADIsMmcY/byi53f3CuK0Zr+tBypRPw==",
        "dependencies": {
          "Microsoft.NETCore.Platforms": "1.1.0",
          "Microsoft.NETCore.Targets": "1.1.0",
          "System.Runtime": "4.3.0"
        }
      }
    }
  }
}